
Microsoft Visual Studio Solution File, Format Version 12.00
# Visual Studio 15
VisualStudioVersion = 15.0.28307.489
MinimumVisualStudioVersion = 10.0.40219.1
Project("{FAE04EC0-301F-11D3-BF4B-00C04F79EFBC}") = "MonteOlimpo.Base.Core.Data", "MonteOlimpo.Base.Core.Data\MonteOlimpo.Base.Core.Data.csproj", "{7570987E-71C5-43EE-9118-84D057A9C95F}"
EndProject
Project("{FAE04EC0-301F-11D3-BF4B-00C04F79EFBC}") = "MonteOlimpo.Base.Core.Specification", "MonteOlimpo.Base.Core.Specification\MonteOlimpo.Base.Core.Specification.csproj", "{77E2F40D-0FC3-4FB4-AE71-5FEA7BBC26AF}"
EndProject
Project("{9A19103F-16F7-4668-BE54-9A1E7A4F7556}") = "MonteOlimpo.Base.Core.Domain", "MonteOlimpo.Base.Core.Domain\MonteOlimpo.Base.Core.Domain.csproj", "{14CEA5C9-64CE-418D-9267-D477CE66CE05}"
EndProject
Global
	GlobalSection(SolutionConfigurationPlatforms) = preSolution
		Debug|Any CPU = Debug|Any CPU
		Release|Any CPU = Release|Any CPU
	EndGlobalSection
	GlobalSection(ProjectConfigurationPlatforms) = postSolution
		{7570987E-71C5-43EE-9118-84D057A9C95F}.Debug|Any CPU.ActiveCfg = Debug|Any CPU
		{7570987E-71C5-43EE-9118-84D057A9C95F}.Debug|Any CPU.Build.0 = Debug|Any CPU
		{7570987E-71C5-43EE-9118-84D057A9C95F}.Release|Any CPU.ActiveCfg = Release|Any CPU
		{7570987E-71C5-43EE-9118-84D057A9C95F}.Release|Any CPU.Build.0 = Release|Any CPU
		{77E2F40D-0FC3-4FB4-AE71-5FEA7BBC26AF}.Debug|Any CPU.ActiveCfg = Debug|Any CPU
		{77E2F40D-0FC3-4FB4-AE71-5FEA7BBC26AF}.Debug|Any CPU.Build.0 = Debug|Any CPU
		{77E2F40D-0FC3-4FB4-AE71-5FEA7BBC26AF}.Release|Any CPU.ActiveCfg = Release|Any CPU
		{77E2F40D-0FC3-4FB4-AE71-5FEA7BBC26AF}.Release|Any CPU.Build.0 = Release|Any CPU
		{14CEA5C9-64CE-418D-9267-D477CE66CE05}.Debug|Any CPU.ActiveCfg = Debug|Any CPU
		{14CEA5C9-64CE-418D-9267-D477CE66CE05}.Debug|Any CPU.Build.0 = Debug|Any CPU
		{14CEA5C9-64CE-418D-9267-D477CE66CE05}.Release|Any CPU.ActiveCfg = Release|Any CPU
		{14CEA5C9-64CE-418D-9267-D477CE66CE05}.Release|Any CPU.Build.0 = Release|Any CPU
	EndGlobalSection
	GlobalSection(SolutionProperties) = preSolution
		HideSolutionNode = FALSE
	EndGlobalSection
	GlobalSection(ExtensibilityGlobals) = postSolution
		SolutionGuid = {DB8DD5DC-7B74-482A-84F6-DDC0AFB798A5}
	EndGlobalSection
EndGlobal
